{
  "nodes": {
    "nixpkgs": {
      "locked": {
        "lastModified": 1782847189,
        "narHash": "sha256-twXPFqFsrrY5r28Zh7Homgcp2gUMBgQ6WDS98Q/3xFI=",
        "owner": "nixos",
        "repo": "nixpkgs",
        "rev": "b6018f87da91d19d0ab4cf979885689b469cdd41",
        "type": "github"
      },
      "original": {
        "owner": "nixos",
        "ref": "nixos-25.11",
        "repo": "nixpkgs",
        "type": "github"
      }
    },
    "rg552-nixos-2026_09_26": {
      "inputs": {
        "nixpkgs": [
          "nixpkgs"
        ]
      },
      "locked": {
        "lastModified": 1790319577,
        "narHash": "sha256-aPhflw8fuqAV/oRCt4oAdYJ6qASAJgcheHdyE8MwFkw=",
        "owner": "dgramop",
        "repo": "rg552-nixos",
        "rev": "caf139e73c49c135c465d0c93284bf2d88bf2d32",
        "type": "github"
      },
      "original": {
        "owner": "dgramop",
        "ref": "releases/2026_09_26",
        "repo": "rg552-nixos",
        "type": "github"
      }
    },
    "root": {
      "inputs": {
        "nixpkgs": "nixpkgs",
        "rg552-nixos-2026_09_26": "rg552-nixos-2026_09_26"
      }
    }
  },
  "root": "root",
  "version": 7
}
